
Microsoft Visual Studio Solution File, Format Version 12.00
# Visual Studio Version 16
VisualStudioVersion = 16.0.30804.86
MinimumVisualStudioVersion = 10.0.40219.1
Project("{FAE04EC0-301F-11D3-BF4B-00C04F79EFBC}") = "BookStoreApi", "BookStoreApi\BookStoreApi.csproj", "{46501ED9-C139-4F8F-A91A-E4AD95BBDA17}"
EndProject
Project("{2150E333-8FDC-42A3-9474-1A3956D46DE8}") = "Core", "Core", "{B69DFC49-4DDB-42D5-9B11-4FB1AEB0E28A}"
EndProject
Project("{2150E333-8FDC-42A3-9474-1A3956D46DE8}") = "Models", "Models", "{F34AF4E1-4905-4FA0-B69C-C7F33FDBB5F4}"
EndProject
Project("{FAE04EC0-301F-11D3-BF4B-00C04F79EFBC}") = "Models.Ado", "Models.Ado\Models.Ado.csproj", "{E95982B4-23D7-406C-B457-8EBF5ED7C521}"
EndProject
Project("{9A19103F-16F7-4668-BE54-9A1E7A4F7556}") = "Models.Dtos", "Models.Dtos\Models.Dtos.csproj", "{37DC8AF1-E48D-47CE-BD66-BAEE73948D9D}"
EndProject
Project("{9A19103F-16F7-4668-BE54-9A1E7A4F7556}") = "Models.Utilities", "Models.Utilities\Models.Utilities.csproj", "{C4E1B4B8-771F-4AAA-9EB1-77CC371B88E7}"
EndProject
Project("{9A19103F-16F7-4668-BE54-9A1E7A4F7556}") = "Core.Mappers", "Nucleo.AutoMappers\Core.Mappers.csproj", "{00BE379B-8D19-41A6-AD0A-3D253268F8BD}"
EndProject
Project("{FAE04EC0-301F-11D3-BF4B-00C04F79EFBC}") = "Core.Tokens", "Nucleo.Tokens\Core.Tokens.csproj", "{9D06FDA9-B989-4596-BACE-1EDB4F10676F}"
EndProject
Project("{9A19103F-16F7-4668-BE54-9A1E7A4F7556}") = "Core.Utilities", "Nucleo.Utilities\Core.Utilities.csproj", "{3936FFBD-66E2-4B8C-876F-5747289E3D6B}"
EndProject
Project("{2150E333-8FDC-42A3-9474-1A3956D46DE8}") = "Api", "Api", "{746CD553-6E38-4EB7-A2DB-BF0BA3E278BF}"
EndProject
Project("{2150E333-8FDC-42A3-9474-1A3956D46DE8}") = "Business", "Business", "{31F27B7D-354D-4F00-9E21-86108D84EAA7}"
EndProject
Project("{9A19103F-16F7-4668-BE54-9A1E7A4F7556}") = "Business.UserServices", "Negocio.UserServices\Business.UserServices.csproj", "{3D8B36A0-D7FB-4921-8DD3-B86E42D48748}"
EndProject
Project("{9A19103F-16F7-4668-BE54-9A1E7A4F7556}") = "Core.Services", "Nucleo.Services\Core.Services.csproj", "{2B6FCD47-FE07-4633-9E3D-C0F67E3DB210}"
EndProject
Project("{FAE04EC0-301F-11D3-BF4B-00C04F79EFBC}") = "Business.BookStoreServices", "Negocios.BookStore\Business.BookStoreServices.csproj", "{F705CE98-3F51-4C4A-9C73-E73DACD56BEA}"
EndProject
Project("{9A19103F-16F7-4668-BE54-9A1E7A4F7556}") = "Business.AutoMapper", "Negocios.AutoMapper\Business.AutoMapper.csproj", "{BCB673CE-B524-46DE-9600-2943734B2DD0}"
EndProject
Project("{9A19103F-16F7-4668-BE54-9A1E7A4F7556}") = "Business.DependencyInjection", "Negocios.DependencyInjection\Business.DependencyInjection.csproj", "{AC2CC079-63B1-4025-B9D7-50E382FA8C8E}"
EndProject
Project("{9A19103F-16F7-4668-BE54-9A1E7A4F7556}") = "Core.DependencyInjection", "Nucleo.DependencyInjection\Core.DependencyInjection.csproj", "{5E281F55-4BF7-4EAD-AE8B-A02C174BBAC9}"
EndProject
Project("{FAE04EC0-301F-11D3-BF4B-00C04F79EFBC}") = "Core.Logger", "Nucleo.Logger\Core.Logger.csproj", "{CF188DBB-1B1B-4BF2-8A11-0274FE2C73C1}"
EndProject
Project("{FAE04EC0-301F-11D3-BF4B-00C04F79EFBC}") = "Core.DataAccess", "Nucleo.DataAccess\Core.DataAccess.csproj", "{3B9ADFCA-8EAC-4A89-AC2E-EA167CCDCA55}"
EndProject
Project("{FAE04EC0-301F-11D3-BF4B-00C04F79EFBC}") = "Core.Models", "Nucleo.Models\Core.Models.csproj", "{8C467702-7619-4D58-BFFC-F200F22FB83D}"
EndProject
Project("{2150E333-8FDC-42A3-9474-1A3956D46DE8}") = "Infraestructure", "Infraestructure", "{27F7276A-AFE3-4C4F-BA08-1A6287F551AB}"
EndProject
Project("{FAE04EC0-301F-11D3-BF4B-00C04F79EFBC}") = "Infra.DataAccess", "Infra.DataAccess\Infra.DataAccess.csproj", "{C1215C71-2A78-4F8A-ADD7-D73BB6BE9A6F}"
EndProject
Project("{FAE04EC0-301F-11D3-BF4B-00C04F79EFBC}") = "Infra.MailSmtp", "Infra.MailSmtp\Infra.MailSmtp.csproj", "{0B586F90-325D-4F18-B45B-7BC81E9CC0B3}"
EndProject
Project("{FAE04EC0-301F-11D3-BF4B-00C04F79EFBC}") = "Infra.ExternalServices", "Infra.ExternalServices\Infra.ExternalServices.csproj", "{17E50D8B-28B8-4FC3-BC33-EDFAAA948D8D}"
EndProject
Project("{FAE04EC0-301F-11D3-BF4B-00C04F79EFBC}") = "Business.ExceptionsHandlers", "Business.ExceptionsHandlers\Business.ExceptionsHandlers.csproj", "{3ADCE38C-A8FA-4F52-8A19-F9D0F9887F02}"
EndProject
Project("{FAE04EC0-301F-11D3-BF4B-00C04F79EFBC}") = "Core.FileService", "Core.FileService\Core.FileService.csproj", "{34390323-AD81-4572-9074-7AF9F2114B67}"
EndProject
Project("{FAE04EC0-301F-11D3-BF4B-00C04F79EFBC}") = "Business.FileServices", "Business.FileServices\Business.FileServices.csproj", "{F49DB1AE-5635-40E9-ADA8-CC509AE90929}"
EndProject
Global
	GlobalSection(SolutionConfigurationPlatforms) = preSolution
		Debug|Any CPU = Debug|Any CPU
		Release|Any CPU = Release|Any CPU
	EndGlobalSection
	GlobalSection(ProjectConfigurationPlatforms) = postSolution
		{46501ED9-C139-4F8F-A91A-E4AD95BBDA17}.Debug|Any CPU.ActiveCfg = Debug|Any CPU
		{46501ED9-C139-4F8F-A91A-E4AD95BBDA17}.Debug|Any CPU.Build.0 = Debug|Any CPU
		{46501ED9-C139-4F8F-A91A-E4AD95BBDA17}.Release|Any CPU.ActiveCfg = Release|Any CPU
		{46501ED9-C139-4F8F-A91A-E4AD95BBDA17}.Release|Any CPU.Build.0 = Release|Any CPU
		{E95982B4-23D7-406C-B457-8EBF5ED7C521}.Debug|Any CPU.ActiveCfg = Debug|Any CPU
		{E95982B4-23D7-406C-B457-8EBF5ED7C521}.Debug|Any CPU.Build.0 = Debug|Any CPU
		{E95982B4-23D7-406C-B457-8EBF5ED7C521}.Release|Any CPU.ActiveCfg = Release|Any CPU
		{E95982B4-23D7-406C-B457-8EBF5ED7C521}.Release|Any CPU.Build.0 = Release|Any CPU
		{37DC8AF1-E48D-47CE-BD66-BAEE73948D9D}.Debug|Any CPU.ActiveCfg = Debug|Any CPU
		{37DC8AF1-E48D-47CE-BD66-BAEE73948D9D}.Debug|Any CPU.Build.0 = Debug|Any CPU
		{37DC8AF1-E48D-47CE-BD66-BAEE73948D9D}.Release|Any CPU.ActiveCfg = Release|Any CPU
		{37DC8AF1-E48D-47CE-BD66-BAEE73948D9D}.Release|Any CPU.Build.0 = Release|Any CPU
		{C4E1B4B8-771F-4AAA-9EB1-77CC371B88E7}.Debug|Any CPU.ActiveCfg = Debug|Any CPU
		{C4E1B4B8-771F-4AAA-9EB1-77CC371B88E7}.Debug|Any CPU.Build.0 = Debug|Any CPU
		{C4E1B4B8-771F-4AAA-9EB1-77CC371B88E7}.Release|Any CPU.ActiveCfg = Release|Any CPU
		{C4E1B4B8-771F-4AAA-9EB1-77CC371B88E7}.Release|Any CPU.Build.0 = Release|Any CPU
		{00BE379B-8D19-41A6-AD0A-3D253268F8BD}.Debug|Any CPU.ActiveCfg = Debug|Any CPU
		{00BE379B-8D19-41A6-AD0A-3D253268F8BD}.Debug|Any CPU.Build.0 = Debug|Any CPU
		{00BE379B-8D19-41A6-AD0A-3D253268F8BD}.Release|Any CPU.ActiveCfg = Release|Any CPU
		{00BE379B-8D19-41A6-AD0A-3D253268F8BD}.Release|Any CPU.Build.0 = Release|Any CPU
		{9D06FDA9-B989-4596-BACE-1EDB4F10676F}.Debug|Any CPU.ActiveCfg = Debug|Any CPU
		{9D06FDA9-B989-4596-BACE-1EDB4F10676F}.Debug|Any CPU.Build.0 = Debug|Any CPU
		{9D06FDA9-B989-4596-BACE-1EDB4F10676F}.Release|Any CPU.ActiveCfg = Release|Any CPU
		{9D06FDA9-B989-4596-BACE-1EDB4F10676F}.Release|Any CPU.Build.0 = Release|Any CPU
		{3936FFBD-66E2-4B8C-876F-5747289E3D6B}.Debug|Any CPU.ActiveCfg = Debug|Any CPU
		{3936FFBD-66E2-4B8C-876F-5747289E3D6B}.Debug|Any CPU.Build.0 = Debug|Any CPU
		{3936FFBD-66E2-4B8C-876F-5747289E3D6B}.Release|Any CPU.ActiveCfg = Release|Any CPU
		{3936FFBD-66E2-4B8C-876F-5747289E3D6B}.Release|Any CPU.Build.0 = Release|Any CPU
		{3D8B36A0-D7FB-4921-8DD3-B86E42D48748}.Debug|Any CPU.ActiveCfg = Debug|Any CPU
		{3D8B36A0-D7FB-4921-8DD3-B86E42D48748}.Debug|Any CPU.Build.0 = Debug|Any CPU
		{3D8B36A0-D7FB-4921-8DD3-B86E42D48748}.Release|Any CPU.ActiveCfg = Release|Any CPU
		{3D8B36A0-D7FB-4921-8DD3-B86E42D48748}.Release|Any CPU.Build.0 = Release|Any CPU
		{2B6FCD47-FE07-4633-9E3D-C0F67E3DB210}.Debug|Any CPU.ActiveCfg = Debug|Any CPU
		{2B6FCD47-FE07-4633-9E3D-C0F67E3DB210}.Debug|Any CPU.Build.0 = Debug|Any CPU
		{2B6FCD47-FE07-4633-9E3D-C0F67E3DB210}.Release|Any CPU.ActiveCfg = Release|Any CPU
		{2B6FCD47-FE07-4633-9E3D-C0F67E3DB210}.Release|Any CPU.Build.0 = Release|Any CPU
		{F705CE98-3F51-4C4A-9C73-E73DACD56BEA}.Debug|Any CPU.ActiveCfg = Debug|Any CPU
		{F705CE98-3F51-4C4A-9C73-E73DACD56BEA}.Debug|Any CPU.Build.0 = Debug|Any CPU
		{F705CE98-3F51-4C4A-9C73-E73DACD56BEA}.Release|Any CPU.ActiveCfg = Release|Any CPU
		{F705CE98-3F51-4C4A-9C73-E73DACD56BEA}.Release|Any CPU.Build.0 = Release|Any CPU
		{BCB673CE-B524-46DE-9600-2943734B2DD0}.Debug|Any CPU.ActiveCfg = Debug|Any CPU
		{BCB673CE-B524-46DE-9600-2943734B2DD0}.Debug|Any CPU.Build.0 = Debug|Any CPU
		{BCB673CE-B524-46DE-9600-2943734B2DD0}.Release|Any CPU.ActiveCfg = Release|Any CPU
		{BCB673CE-B524-46DE-9600-2943734B2DD0}.Release|Any CPU.Build.0 = Release|Any CPU
		{AC2CC079-63B1-4025-B9D7-50E382FA8C8E}.Debug|Any CPU.ActiveCfg = Debug|Any CPU
		{AC2CC079-63B1-4025-B9D7-50E382FA8C8E}.Debug|Any CPU.Build.0 = Debug|Any CPU
		{AC2CC079-63B1-4025-B9D7-50E382FA8C8E}.Release|Any CPU.ActiveCfg = Release|Any CPU
		{AC2CC079-63B1-4025-B9D7-50E382FA8C8E}.Release|Any CPU.Build.0 = Release|Any CPU
		{5E281F55-4BF7-4EAD-AE8B-A02C174BBAC9}.Debug|Any CPU.ActiveCfg = Debug|Any CPU
		{5E281F55-4BF7-4EAD-AE8B-A02C174BBAC9}.Debug|Any CPU.Build.0 = Debug|Any CPU
		{5E281F55-4BF7-4EAD-AE8B-A02C174BBAC9}.Release|Any CPU.ActiveCfg = Release|Any CPU
		{5E281F55-4BF7-4EAD-AE8B-A02C174BBAC9}.Release|Any CPU.Build.0 = Release|Any CPU
		{CF188DBB-1B1B-4BF2-8A11-0274FE2C73C1}.Debug|Any CPU.ActiveCfg = Debug|Any CPU
		{CF188DBB-1B1B-4BF2-8A11-0274FE2C73C1}.Debug|Any CPU.Build.0 = Debug|Any CPU
		{CF188DBB-1B1B-4BF2-8A11-0274FE2C73C1}.Release|Any CPU.ActiveCfg = Release|Any CPU
		{CF188DBB-1B1B-4BF2-8A11-0274FE2C73C1}.Release|Any CPU.Build.0 = Release|Any CPU
		{3B9ADFCA-8EAC-4A89-AC2E-EA167CCDCA55}.Debug|Any CPU.ActiveCfg = Debug|Any CPU
		{3B9ADFCA-8EAC-4A89-AC2E-EA167CCDCA55}.Debug|Any CPU.Build.0 = Debug|Any CPU
		{3B9ADFCA-8EAC-4A89-AC2E-EA167CCDCA55}.Release|Any CPU.ActiveCfg = Release|Any CPU
		{3B9ADFCA-8EAC-4A89-AC2E-EA167CCDCA55}.Release|Any CPU.Build.0 = Release|Any CPU
		{8C467702-7619-4D58-BFFC-F200F22FB83D}.Debug|Any CPU.ActiveCfg = Debug|Any CPU
		{8C467702-7619-4D58-BFFC-F200F22FB83D}.Debug|Any CPU.Build.0 = Debug|Any CPU
		{8C467702-7619-4D58-BFFC-F200F22FB83D}.Release|Any CPU.ActiveCfg = Release|Any CPU
		{8C467702-7619-4D58-BFFC-F200F22FB83D}.Release|Any CPU.Build.0 = Release|Any CPU
		{C1215C71-2A78-4F8A-ADD7-D73BB6BE9A6F}.Debug|Any CPU.ActiveCfg = Debug|Any CPU
		{C1215C71-2A78-4F8A-ADD7-D73BB6BE9A6F}.Debug|Any CPU.Build.0 = Debug|Any CPU
		{C1215C71-2A78-4F8A-ADD7-D73BB6BE9A6F}.Release|Any CPU.ActiveCfg = Release|Any CPU
		{C1215C71-2A78-4F8A-ADD7-D73BB6BE9A6F}.Release|Any CPU.Build.0 = Release|Any CPU
		{0B586F90-325D-4F18-B45B-7BC81E9CC0B3}.Debug|Any CPU.ActiveCfg = Debug|Any CPU
		{0B586F90-325D-4F18-B45B-7BC81E9CC0B3}.Debug|Any CPU.Build.0 = Debug|Any CPU
		{0B586F90-325D-4F18-B45B-7BC81E9CC0B3}.Release|Any CPU.ActiveCfg = Release|Any CPU
		{0B586F90-325D-4F18-B45B-7BC81E9CC0B3}.Release|Any CPU.Build.0 = Release|Any CPU
		{17E50D8B-28B8-4FC3-BC33-EDFAAA948D8D}.Debug|Any CPU.ActiveCfg = Debug|Any CPU
		{17E50D8B-28B8-4FC3-BC33-EDFAAA948D8D}.Debug|Any CPU.Build.0 = Debug|Any CPU
		{17E50D8B-28B8-4FC3-BC33-EDFAAA948D8D}.Release|Any CPU.ActiveCfg = Release|Any CPU
		{17E50D8B-28B8-4FC3-BC33-EDFAAA948D8D}.Release|Any CPU.Build.0 = Release|Any CPU
		{3ADCE38C-A8FA-4F52-8A19-F9D0F9887F02}.Debug|Any CPU.ActiveCfg = Debug|Any CPU
		{3ADCE38C-A8FA-4F52-8A19-F9D0F9887F02}.Debug|Any CPU.Build.0 = Debug|Any CPU
		{3ADCE38C-A8FA-4F52-8A19-F9D0F9887F02}.Release|Any CPU.ActiveCfg = Release|Any CPU
		{3ADCE38C-A8FA-4F52-8A19-F9D0F9887F02}.Release|Any CPU.Build.0 = Release|Any CPU
		{34390323-AD81-4572-9074-7AF9F2114B67}.Debug|Any CPU.ActiveCfg = Debug|Any CPU
		{34390323-AD81-4572-9074-7AF9F2114B67}.Debug|Any CPU.Build.0 = Debug|Any CPU
		{34390323-AD81-4572-9074-7AF9F2114B67}.Release|Any CPU.ActiveCfg = Release|Any CPU
		{34390323-AD81-4572-9074-7AF9F2114B67}.Release|Any CPU.Build.0 = Release|Any CPU
		{F49DB1AE-5635-40E9-ADA8-CC509AE90929}.Debug|Any CPU.ActiveCfg = Debug|Any CPU
		{F49DB1AE-5635-40E9-ADA8-CC509AE90929}.Debug|Any CPU.Build.0 = Debug|Any CPU
		{F49DB1AE-5635-40E9-ADA8-CC509AE90929}.Release|Any CPU.ActiveCfg = Release|Any CPU
		{F49DB1AE-5635-40E9-ADA8-CC509AE90929}.Release|Any CPU.Build.0 = Release|Any CPU
	EndGlobalSection
	GlobalSection(SolutionProperties) = preSolution
		HideSolutionNode = FALSE
	EndGlobalSection
	GlobalSection(NestedProjects) = preSolution
		{46501ED9-C139-4F8F-A91A-E4AD95BBDA17} = {746CD553-6E38-4EB7-A2DB-BF0BA3E278BF}
		{E95982B4-23D7-406C-B457-8EBF5ED7C521} = {F34AF4E1-4905-4FA0-B69C-C7F33FDBB5F4}
		{37DC8AF1-E48D-47CE-BD66-BAEE73948D9D} = {F34AF4E1-4905-4FA0-B69C-C7F33FDBB5F4}
		{C4E1B4B8-771F-4AAA-9EB1-77CC371B88E7} = {F34AF4E1-4905-4FA0-B69C-C7F33FDBB5F4}
		{00BE379B-8D19-41A6-AD0A-3D253268F8BD} = {B69DFC49-4DDB-42D5-9B11-4FB1AEB0E28A}
		{9D06FDA9-B989-4596-BACE-1EDB4F10676F} = {B69DFC49-4DDB-42D5-9B11-4FB1AEB0E28A}
		{3936FFBD-66E2-4B8C-876F-5747289E3D6B} = {B69DFC49-4DDB-42D5-9B11-4FB1AEB0E28A}
		{3D8B36A0-D7FB-4921-8DD3-B86E42D48748} = {31F27B7D-354D-4F00-9E21-86108D84EAA7}
		{2B6FCD47-FE07-4633-9E3D-C0F67E3DB210} = {B69DFC49-4DDB-42D5-9B11-4FB1AEB0E28A}
		{F705CE98-3F51-4C4A-9C73-E73DACD56BEA} = {31F27B7D-354D-4F00-9E21-86108D84EAA7}
		{BCB673CE-B524-46DE-9600-2943734B2DD0} = {31F27B7D-354D-4F00-9E21-86108D84EAA7}
		{AC2CC079-63B1-4025-B9D7-50E382FA8C8E} = {31F27B7D-354D-4F00-9E21-86108D84EAA7}
		{5E281F55-4BF7-4EAD-AE8B-A02C174BBAC9} = {B69DFC49-4DDB-42D5-9B11-4FB1AEB0E28A}
		{CF188DBB-1B1B-4BF2-8A11-0274FE2C73C1} = {B69DFC49-4DDB-42D5-9B11-4FB1AEB0E28A}
		{3B9ADFCA-8EAC-4A89-AC2E-EA167CCDCA55} = {B69DFC49-4DDB-42D5-9B11-4FB1AEB0E28A}
		{8C467702-7619-4D58-BFFC-F200F22FB83D} = {B69DFC49-4DDB-42D5-9B11-4FB1AEB0E28A}
		{C1215C71-2A78-4F8A-ADD7-D73BB6BE9A6F} = {27F7276A-AFE3-4C4F-BA08-1A6287F551AB}
		{0B586F90-325D-4F18-B45B-7BC81E9CC0B3} = {27F7276A-AFE3-4C4F-BA08-1A6287F551AB}
		{17E50D8B-28B8-4FC3-BC33-EDFAAA948D8D} = {27F7276A-AFE3-4C4F-BA08-1A6287F551AB}
		{3ADCE38C-A8FA-4F52-8A19-F9D0F9887F02} = {31F27B7D-354D-4F00-9E21-86108D84EAA7}
		{34390323-AD81-4572-9074-7AF9F2114B67} = {B69DFC49-4DDB-42D5-9B11-4FB1AEB0E28A}
		{F49DB1AE-5635-40E9-ADA8-CC509AE90929} = {31F27B7D-354D-4F00-9E21-86108D84EAA7}
	EndGlobalSection
	GlobalSection(ExtensibilityGlobals) = postSolution
		SolutionGuid = {080D73C1-1539-4640-9056-2A4FEF7CD23C}
	EndGlobalSection
EndGlobal
