
Microsoft Visual Studio Solution File, Format Version 12.00
# Visual Studio Version 16
VisualStudioVersion = 16.0.30804.86
MinimumVisualStudioVersion = 10.0.40219.1
Project("{FAE04EC0-301F-11D3-BF4B-00C04F79EFBC}") = "BookStoreApi", "BookStoreApi\BookStoreApi.csproj", "{46501ED9-C139-4F8F-A91A-E4AD95BBDA17}"
EndProject
Global
	GlobalSection(SolutionConfigurationPlatforms) = preSolution
		Debug|Any CPU = Debug|Any CPU
		Release|Any CPU = Release|Any CPU
	EndGlobalSection
	GlobalSection(ProjectConfigurationPlatforms) = postSolution
		{46501ED9-C139-4F8F-A91A-E4AD95BBDA17}.Debug|Any CPU.ActiveCfg = Debug|Any CPU
		{46501ED9-C139-4F8F-A91A-E4AD95BBDA17}.Debug|Any CPU.Build.0 = Debug|Any CPU
		{46501ED9-C139-4F8F-A91A-E4AD95BBDA17}.Release|Any CPU.ActiveCfg = Release|Any CPU
		{46501ED9-C139-4F8F-A91A-E4AD95BBDA17}.Release|Any CPU.Build.0 = Release|Any CPU
	EndGlobalSection
	GlobalSection(SolutionProperties) = preSolution
		HideSolutionNode = FALSE
	EndGlobalSection
	GlobalSection(ExtensibilityGlobals) = postSolution
		SolutionGuid = {080D73C1-1539-4640-9056-2A4FEF7CD23C}
	EndGlobalSection
EndGlobal
