
Microsoft Visual Studio Solution File, Format Version 12.00
# Visual Studio Version 16
VisualStudioVersion = 16.0.30804.86
MinimumVisualStudioVersion = 10.0.40219.1
Project("{FAE04EC0-301F-11D3-BF4B-00C04F79EFBC}") = "BookStoreApi", "BookStoreApi\BookStoreApi.csproj", "{46501ED9-C139-4F8F-A91A-E4AD95BBDA17}"
EndProject
Project("{2150E333-8FDC-42A3-9474-1A3956D46DE8}") = "DataBaseAccess", "DataBaseAccess", "{4955CEDB-8524-45EC-86A8-775B17ADD594}"
EndProject
Project("{2150E333-8FDC-42A3-9474-1A3956D46DE8}") = "Nucleo", "Nucleo", "{B69DFC49-4DDB-42D5-9B11-4FB1AEB0E28A}"
EndProject
Project("{2150E333-8FDC-42A3-9474-1A3956D46DE8}") = "Models", "Models", "{F34AF4E1-4905-4FA0-B69C-C7F33FDBB5F4}"
EndProject
Project("{FAE04EC0-301F-11D3-BF4B-00C04F79EFBC}") = "Models.Ado", "Models.Ado\Models.Ado.csproj", "{E95982B4-23D7-406C-B457-8EBF5ED7C521}"
EndProject
Project("{9A19103F-16F7-4668-BE54-9A1E7A4F7556}") = "Models.Dtos", "Models.Dtos\Models.Dtos.csproj", "{37DC8AF1-E48D-47CE-BD66-BAEE73948D9D}"
EndProject
Project("{9A19103F-16F7-4668-BE54-9A1E7A4F7556}") = "Models.Utilities", "Models.Utilities\Models.Utilities.csproj", "{C4E1B4B8-771F-4AAA-9EB1-77CC371B88E7}"
EndProject
Project("{9A19103F-16F7-4668-BE54-9A1E7A4F7556}") = "Nucleo.AutoMappers", "Nucleo.AutoMappers\Nucleo.AutoMappers.csproj", "{00BE379B-8D19-41A6-AD0A-3D253268F8BD}"
EndProject
Project("{FAE04EC0-301F-11D3-BF4B-00C04F79EFBC}") = "Nucleo.Tokens", "Nucleo.Tokens\Nucleo.Tokens.csproj", "{9D06FDA9-B989-4596-BACE-1EDB4F10676F}"
EndProject
Project("{9A19103F-16F7-4668-BE54-9A1E7A4F7556}") = "Nucleo.Utilities", "Nucleo.Utilities\Nucleo.Utilities.csproj", "{3936FFBD-66E2-4B8C-876F-5747289E3D6B}"
EndProject
Project("{2150E333-8FDC-42A3-9474-1A3956D46DE8}") = "Ado", "Ado", "{922DCEDF-4276-4F12-A9CD-6DE689B03188}"
EndProject
Project("{FAE04EC0-301F-11D3-BF4B-00C04F79EFBC}") = "Ado.User", "Ado.Users\Ado.User.csproj", "{78A7AA00-6C83-4336-9768-61FD5AA433DB}"
EndProject
Project("{FAE04EC0-301F-11D3-BF4B-00C04F79EFBC}") = "Nucleo.DBAccess", "Nucleo.DBAccess\Nucleo.DBAccess.csproj", "{B7816C94-C966-4571-9AFB-5154CDF25F2E}"
EndProject
Project("{2150E333-8FDC-42A3-9474-1A3956D46DE8}") = "Api", "Api", "{746CD553-6E38-4EB7-A2DB-BF0BA3E278BF}"
EndProject
Project("{FAE04EC0-301F-11D3-BF4B-00C04F79EFBC}") = "Ado.Library", "Ado.Library\Ado.Library.csproj", "{7965865A-D1F6-4D42-9563-9D2DDE070995}"
EndProject
Project("{2150E333-8FDC-42A3-9474-1A3956D46DE8}") = "Nucleo.Files", "Nucleo.Files", "{F33729BF-B3C0-49FE-96B8-410E65E41F0C}"
EndProject
Project("{FAE04EC0-301F-11D3-BF4B-00C04F79EFBC}") = "Nucleo.Files.Web", "Nucleo.Files.Web\Nucleo.Files.Web.csproj", "{F1C0FF4F-9179-432F-8A91-F9EAD4A7B687}"
EndProject
Global
	GlobalSection(SolutionConfigurationPlatforms) = preSolution
		Debug|Any CPU = Debug|Any CPU
		Release|Any CPU = Release|Any CPU
	EndGlobalSection
	GlobalSection(ProjectConfigurationPlatforms) = postSolution
		{46501ED9-C139-4F8F-A91A-E4AD95BBDA17}.Debug|Any CPU.ActiveCfg = Debug|Any CPU
		{46501ED9-C139-4F8F-A91A-E4AD95BBDA17}.Debug|Any CPU.Build.0 = Debug|Any CPU
		{46501ED9-C139-4F8F-A91A-E4AD95BBDA17}.Release|Any CPU.ActiveCfg = Release|Any CPU
		{46501ED9-C139-4F8F-A91A-E4AD95BBDA17}.Release|Any CPU.Build.0 = Release|Any CPU
		{E95982B4-23D7-406C-B457-8EBF5ED7C521}.Debug|Any CPU.ActiveCfg = Debug|Any CPU
		{E95982B4-23D7-406C-B457-8EBF5ED7C521}.Debug|Any CPU.Build.0 = Debug|Any CPU
		{E95982B4-23D7-406C-B457-8EBF5ED7C521}.Release|Any CPU.ActiveCfg = Release|Any CPU
		{E95982B4-23D7-406C-B457-8EBF5ED7C521}.Release|Any CPU.Build.0 = Release|Any CPU
		{37DC8AF1-E48D-47CE-BD66-BAEE73948D9D}.Debug|Any CPU.ActiveCfg = Debug|Any CPU
		{37DC8AF1-E48D-47CE-BD66-BAEE73948D9D}.Debug|Any CPU.Build.0 = Debug|Any CPU
		{37DC8AF1-E48D-47CE-BD66-BAEE73948D9D}.Release|Any CPU.ActiveCfg = Release|Any CPU
		{37DC8AF1-E48D-47CE-BD66-BAEE73948D9D}.Release|Any CPU.Build.0 = Release|Any CPU
		{C4E1B4B8-771F-4AAA-9EB1-77CC371B88E7}.Debug|Any CPU.ActiveCfg = Debug|Any CPU
		{C4E1B4B8-771F-4AAA-9EB1-77CC371B88E7}.Debug|Any CPU.Build.0 = Debug|Any CPU
		{C4E1B4B8-771F-4AAA-9EB1-77CC371B88E7}.Release|Any CPU.ActiveCfg = Release|Any CPU
		{C4E1B4B8-771F-4AAA-9EB1-77CC371B88E7}.Release|Any CPU.Build.0 = Release|Any CPU
		{00BE379B-8D19-41A6-AD0A-3D253268F8BD}.Debug|Any CPU.ActiveCfg = Debug|Any CPU
		{00BE379B-8D19-41A6-AD0A-3D253268F8BD}.Debug|Any CPU.Build.0 = Debug|Any CPU
		{00BE379B-8D19-41A6-AD0A-3D253268F8BD}.Release|Any CPU.ActiveCfg = Release|Any CPU
		{00BE379B-8D19-41A6-AD0A-3D253268F8BD}.Release|Any CPU.Build.0 = Release|Any CPU
		{9D06FDA9-B989-4596-BACE-1EDB4F10676F}.Debug|Any CPU.ActiveCfg = Debug|Any CPU
		{9D06FDA9-B989-4596-BACE-1EDB4F10676F}.Debug|Any CPU.Build.0 = Debug|Any CPU
		{9D06FDA9-B989-4596-BACE-1EDB4F10676F}.Release|Any CPU.ActiveCfg = Release|Any CPU
		{9D06FDA9-B989-4596-BACE-1EDB4F10676F}.Release|Any CPU.Build.0 = Release|Any CPU
		{3936FFBD-66E2-4B8C-876F-5747289E3D6B}.Debug|Any CPU.ActiveCfg = Debug|Any CPU
		{3936FFBD-66E2-4B8C-876F-5747289E3D6B}.Debug|Any CPU.Build.0 = Debug|Any CPU
		{3936FFBD-66E2-4B8C-876F-5747289E3D6B}.Release|Any CPU.ActiveCfg = Release|Any CPU
		{3936FFBD-66E2-4B8C-876F-5747289E3D6B}.Release|Any CPU.Build.0 = Release|Any CPU
		{78A7AA00-6C83-4336-9768-61FD5AA433DB}.Debug|Any CPU.ActiveCfg = Debug|Any CPU
		{78A7AA00-6C83-4336-9768-61FD5AA433DB}.Debug|Any CPU.Build.0 = Debug|Any CPU
		{78A7AA00-6C83-4336-9768-61FD5AA433DB}.Release|Any CPU.ActiveCfg = Release|Any CPU
		{78A7AA00-6C83-4336-9768-61FD5AA433DB}.Release|Any CPU.Build.0 = Release|Any CPU
		{B7816C94-C966-4571-9AFB-5154CDF25F2E}.Debug|Any CPU.ActiveCfg = Debug|Any CPU
		{B7816C94-C966-4571-9AFB-5154CDF25F2E}.Debug|Any CPU.Build.0 = Debug|Any CPU
		{B7816C94-C966-4571-9AFB-5154CDF25F2E}.Release|Any CPU.ActiveCfg = Release|Any CPU
		{B7816C94-C966-4571-9AFB-5154CDF25F2E}.Release|Any CPU.Build.0 = Release|Any CPU
		{7965865A-D1F6-4D42-9563-9D2DDE070995}.Debug|Any CPU.ActiveCfg = Debug|Any CPU
		{7965865A-D1F6-4D42-9563-9D2DDE070995}.Debug|Any CPU.Build.0 = Debug|Any CPU
		{7965865A-D1F6-4D42-9563-9D2DDE070995}.Release|Any CPU.ActiveCfg = Release|Any CPU
		{7965865A-D1F6-4D42-9563-9D2DDE070995}.Release|Any CPU.Build.0 = Release|Any CPU
		{F1C0FF4F-9179-432F-8A91-F9EAD4A7B687}.Debug|Any CPU.ActiveCfg = Debug|Any CPU
		{F1C0FF4F-9179-432F-8A91-F9EAD4A7B687}.Debug|Any CPU.Build.0 = Debug|Any CPU
		{F1C0FF4F-9179-432F-8A91-F9EAD4A7B687}.Release|Any CPU.ActiveCfg = Release|Any CPU
		{F1C0FF4F-9179-432F-8A91-F9EAD4A7B687}.Release|Any CPU.Build.0 = Release|Any CPU
	EndGlobalSection
	GlobalSection(SolutionProperties) = preSolution
		HideSolutionNode = FALSE
	EndGlobalSection
	GlobalSection(NestedProjects) = preSolution
		{46501ED9-C139-4F8F-A91A-E4AD95BBDA17} = {746CD553-6E38-4EB7-A2DB-BF0BA3E278BF}
		{E95982B4-23D7-406C-B457-8EBF5ED7C521} = {F34AF4E1-4905-4FA0-B69C-C7F33FDBB5F4}
		{37DC8AF1-E48D-47CE-BD66-BAEE73948D9D} = {F34AF4E1-4905-4FA0-B69C-C7F33FDBB5F4}
		{C4E1B4B8-771F-4AAA-9EB1-77CC371B88E7} = {F34AF4E1-4905-4FA0-B69C-C7F33FDBB5F4}
		{00BE379B-8D19-41A6-AD0A-3D253268F8BD} = {B69DFC49-4DDB-42D5-9B11-4FB1AEB0E28A}
		{9D06FDA9-B989-4596-BACE-1EDB4F10676F} = {B69DFC49-4DDB-42D5-9B11-4FB1AEB0E28A}
		{3936FFBD-66E2-4B8C-876F-5747289E3D6B} = {B69DFC49-4DDB-42D5-9B11-4FB1AEB0E28A}
		{922DCEDF-4276-4F12-A9CD-6DE689B03188} = {4955CEDB-8524-45EC-86A8-775B17ADD594}
		{78A7AA00-6C83-4336-9768-61FD5AA433DB} = {922DCEDF-4276-4F12-A9CD-6DE689B03188}
		{B7816C94-C966-4571-9AFB-5154CDF25F2E} = {B69DFC49-4DDB-42D5-9B11-4FB1AEB0E28A}
		{7965865A-D1F6-4D42-9563-9D2DDE070995} = {922DCEDF-4276-4F12-A9CD-6DE689B03188}
		{F33729BF-B3C0-49FE-96B8-410E65E41F0C} = {B69DFC49-4DDB-42D5-9B11-4FB1AEB0E28A}
		{F1C0FF4F-9179-432F-8A91-F9EAD4A7B687} = {F33729BF-B3C0-49FE-96B8-410E65E41F0C}
	EndGlobalSection
	GlobalSection(ExtensibilityGlobals) = postSolution
		SolutionGuid = {080D73C1-1539-4640-9056-2A4FEF7CD23C}
	EndGlobalSection
EndGlobal
